
Microsoft Visual Studio Solution File, Format Version 12.00
# Visual Studio Version 17
VisualStudioVersion = 17.8.34322.80
MinimumVisualStudioVersion = 10.0.40219.1
Project("{FAE04EC0-301F-11D3-BF4B-00C04F79EFBC}") = "JenkinsPoc", "JenkinsPoc.csproj", "{BC0F3BFD-6968-4068-AF17-7C1027E5157D}"
EndProject
Global
	GlobalSection(SolutionConfigurationPlatforms) = preSolution
		Debug|Any CPU = Debug|Any CPU
		Release|Any CPU = Release|Any CPU
	EndGlobalSection
	GlobalSection(ProjectConfigurationPlatforms) = postSolution
		{BC0F3BFD-6968-4068-AF17-7C1027E5157D}.Debug|Any CPU.ActiveCfg = Debug|Any CPU
		{BC0F3BFD-6968-4068-AF17-7C1027E5157D}.Debug|Any CPU.Build.0 = Debug|Any CPU
		{BC0F3BFD-6968-4068-AF17-7C1027E5157D}.Release|Any CPU.ActiveCfg = Release|Any CPU
		{BC0F3BFD-6968-4068-AF17-7C1027E5157D}.Release|Any CPU.Build.0 = Release|Any CPU
	EndGlobalSection
	GlobalSection(SolutionProperties) = preSolution
		HideSolutionNode = FALSE
	EndGlobalSection
	GlobalSection(ExtensibilityGlobals) = postSolution
		SolutionGuid = {FF9E3920-A55F-497D-B0EB-2DA478991E2D}
	EndGlobalSection
EndGlobal
